
Microsoft Visual Studio Solution File, Format Version 12.00
# Visual Studio Version 17
VisualStudioVersion = 17.2.32616.157
MinimumVisualStudioVersion = 10.0.40219.1
Project("{9A19103F-16F7-4668-BE54-9A1E7A4F7556}") = "Focus.Apps.EasyNpc", "Focus.Apps.EasyNpc\Focus.Apps.EasyNpc.csproj", "{CCD530CF-0A07-4BBA-B305-F6C7957AB647}"
EndProject
Project("{9A19103F-16F7-4668-BE54-9A1E7A4F7556}") = "Focus.Storage.Archives", "Focus.Storage.Archives\Focus.Storage.Archives.csproj", "{21BE44BC-C8F9-40F0-AE40-2A99747367E6}"
EndProject
Project("{9A19103F-16F7-4668-BE54-9A1E7A4F7556}") = "Focus.ModManagers.Vortex", "Focus.ModManagers.Vortex\Focus.ModManagers.Vortex.csproj", "{97FF723A-6603-4F14-AAC8-DF590A154CAB}"
EndProject
Project("{9A19103F-16F7-4668-BE54-9A1E7A4F7556}") = "Focus.ModManagers", "Focus.ModManagers\Focus.ModManagers.csproj", "{99F6E7B3-BD79-4D7F-A2B7-B82551DD8369}"
EndProject
Project("{9A19103F-16F7-4668-BE54-9A1E7A4F7556}") = "Focus.ModManagers.ModOrganizer", "Focus.ModManagers.ModOrganizer\Focus.ModManagers.ModOrganizer.csproj", "{23C30720-E00F-4058-9ACF-C4615A212DCF}"
EndProject
Project("{9A19103F-16F7-4668-BE54-9A1E7A4F7556}") = "Focus.Files", "Focus.Files\Focus.Files.csproj", "{359F8381-B305-43F6-9546-86F9730EFFE3}"
EndProject
Project("{9A19103F-16F7-4668-BE54-9A1E7A4F7556}") = "Focus.Providers.Mutagen", "Focus.Providers.Mutagen\Focus.Providers.Mutagen.csproj", "{BC539444-C54B-422E-B060-0089B652D8EF}"
EndProject
Project("{9A19103F-16F7-4668-BE54-9A1E7A4F7556}") = "Focus.Tools.MugPrep", "Focus.Tools.MugPrep\Focus.Tools.MugPrep.csproj", "{EF9FD5B0-2B94-4EC3-ABDB-790B0D6F78C9}"
EndProject
Project("{9A19103F-16F7-4668-BE54-9A1E7A4F7556}") = "Focus.Audio", "Focus.Audio\Focus.Audio.csproj", "{F796A5C5-E84D-48CC-829F-5AEF4E5AF02B}"
EndProject
Project("{9A19103F-16F7-4668-BE54-9A1E7A4F7556}") = "Focus.Analysis", "Focus.Analysis\Focus.Analysis.csproj", "{FB8134A9-453C-47BA-917A-6C3FBC92A612}"
EndProject
Project("{9A19103F-16F7-4668-BE54-9A1E7A4F7556}") = "Focus.Environment", "Focus.Environment\Focus.Environment.csproj", "{7F01C3C1-3B3A-406C-90BC-1DD3F9D58DCA}"
EndProject
Project("{9A19103F-16F7-4668-BE54-9A1E7A4F7556}") = "Focus.Core", "Focus.Core\Focus.Core.csproj", "{2A4FC56D-DBCD-47D3-BA4A-FA864E0A3595}"
EndProject
Project("{2150E333-8FDC-42A3-9474-1A3956D46DE8}") = "UnitTests", "UnitTests", "{DF4E8E41-91CA-4ECB-8BD6-6620FEE7CA85}"
EndProject
Project("{9A19103F-16F7-4668-BE54-9A1E7A4F7556}") = "Focus.Core.Tests", "Focus.Core.Tests\Focus.Core.Tests.csproj", "{9BA3E832-0DEE-4CD8-BB7F-9168AC56B5A9}"
EndProject
Project("{9A19103F-16F7-4668-BE54-9A1E7A4F7556}") = "Focus.Environment.Tests", "Focus.Environment.Tests\Focus.Environment.Tests.csproj", "{E598B668-22CE-467E-893C-07F98E00EC60}"
EndProject
Project("{9A19103F-16F7-4668-BE54-9A1E7A4F7556}") = "Focus.Files.Tests", "Focus.Files.Tests\Focus.Files.Tests.csproj", "{693F0261-F031-44E2-957F-BECEAB088378}"
EndProject
Project("{9A19103F-16F7-4668-BE54-9A1E7A4F7556}") = "Focus.Analysis.Tests", "Focus.Analysis.Tests\Focus.Analysis.Tests.csproj", "{52317D8A-5092-4C2F-927A-36A67C91585C}"
EndProject
Project("{9A19103F-16F7-4668-BE54-9A1E7A4F7556}") = "Focus.Providers.Mutagen.Tests", "Focus.Providers.Mutagen.Tests\Focus.Providers.Mutagen.Tests.csproj", "{5AF7C539-F5C9-4A6C-B0E9-98E53E8E8B10}"
EndProject
Project("{9A19103F-16F7-4668-BE54-9A1E7A4F7556}") = "Focus.ModManagers.Tests", "Focus.ModManagers.Tests\Focus.ModManagers.Tests.csproj", "{AD5D394E-308C-4A9F-AF3F-36E1313D2D63}"
EndProject
Project("{9A19103F-16F7-4668-BE54-9A1E7A4F7556}") = "Focus.Testing.Files", "Focus.Testing.Files\Focus.Testing.Files.csproj", "{4693D2C8-B75A-429B-9A8E-0D6A616E57F9}"
EndProject
Project("{9A19103F-16F7-4668-BE54-9A1E7A4F7556}") = "Focus.ModManagers.ModOrganizer.Tests", "Focus.ModManagers.ModOrganizer.Tests\Focus.ModManagers.ModOrganizer.Tests.csproj", "{98B262AF-6F61-4615-BF50-89EA32BA58A3}"
EndProject
Project("{9A19103F-16F7-4668-BE54-9A1E7A4F7556}") = "Focus.Abstractions.Windows", "Focus.Abstractions.Windows\Focus.Abstractions.Windows.csproj", "{889CB0B8-5BB9-4371-8F39-12286645D09A}"
EndProject
Project("{9A19103F-16F7-4668-BE54-9A1E7A4F7556}") = "Focus.ModManagers.Vortex.Tests", "Focus.ModManagers.Vortex.Tests\Focus.ModManagers.Vortex.Tests.csproj", "{D6C5F0C1-4BE5-49B4-819E-DD67E55C159E}"
EndProject
Project("{2150E333-8FDC-42A3-9474-1A3956D46DE8}") = "Main", "Main", "{344D7631-38FB-41FB-A279-BE708E94BCBE}"
	ProjectSection(SolutionItems) = preProject
		README.md = README.md
		roll-changelog.ps1 = roll-changelog.ps1
		update-version.ps1 = update-version.ps1
	EndProjectSection
EndProject
Project("{2150E333-8FDC-42A3-9474-1A3956D46DE8}") = "GitHub", "GitHub", "{8DE32EE3-68FF-4968-AFED-97C4627A6C22}"
EndProject
Project("{2150E333-8FDC-42A3-9474-1A3956D46DE8}") = "Workflows", "Workflows", "{2EB2EC2D-8597-4C1B-9B1F-2A1007F13A8A}"
	ProjectSection(SolutionItems) = preProject
		.github\workflows\nexus-upload.yml = .github\workflows\nexus-upload.yml
		.github\workflows\release.yml = .github\workflows\release.yml
	EndProjectSection
EndProject
Project("{FAE04EC0-301F-11D3-BF4B-00C04F79EFBC}") = "Focus.Apps.EasyNpc.Tests", "Focus.Apps.EasyNpc.Tests\Focus.Apps.EasyNpc.Tests.csproj", "{A2964293-EA85-4C5A-B3EB-2E78B8B3B732}"
EndProject
Global
	GlobalSection(SolutionConfigurationPlatforms) = preSolution
		Debug|Any CPU = Debug|Any CPU
		Debug|x64 = Debug|x64
		Debug|x86 = Debug|x86
		Release|Any CPU = Release|Any CPU
		Release|x64 = Release|x64
		Release|x86 = Release|x86
	EndGlobalSection
	GlobalSection(ProjectConfigurationPlatforms) = postSolution
		{CCD530CF-0A07-4BBA-B305-F6C7957AB647}.Debug|Any CPU.ActiveCfg = Debug|Any CPU
		{CCD530CF-0A07-4BBA-B305-F6C7957AB647}.Debug|Any CPU.Build.0 = Debug|Any CPU
		{CCD530CF-0A07-4BBA-B305-F6C7957AB647}.Debug|x64.ActiveCfg = Debug|Any CPU
		{CCD530CF-0A07-4BBA-B305-F6C7957AB647}.Debug|x64.Build.0 = Debug|Any CPU
		{CCD530CF-0A07-4BBA-B305-F6C7957AB647}.Debug|x86.ActiveCfg = Debug|Any CPU
		{CCD530CF-0A07-4BBA-B305-F6C7957AB647}.Debug|x86.Build.0 = Debug|Any CPU
		{CCD530CF-0A07-4BBA-B305-F6C7957AB647}.Release|Any CPU.ActiveCfg = Release|Any CPU
		{CCD530CF-0A07-4BBA-B305-F6C7957AB647}.Release|Any CPU.Build.0 = Release|Any CPU
		{CCD530CF-0A07-4BBA-B305-F6C7957AB647}.Release|x64.ActiveCfg = Release|Any CPU
		{CCD530CF-0A07-4BBA-B305-F6C7957AB647}.Release|x64.Build.0 = Release|Any CPU
		{CCD530CF-0A07-4BBA-B305-F6C7957AB647}.Release|x86.ActiveCfg = Release|Any CPU
		{CCD530CF-0A07-4BBA-B305-F6C7957AB647}.Release|x86.Build.0 = Release|Any CPU
		{21BE44BC-C8F9-40F0-AE40-2A99747367E6}.Debug|Any CPU.ActiveCfg = Debug|Any CPU
		{21BE44BC-C8F9-40F0-AE40-2A99747367E6}.Debug|Any CPU.Build.0 = Debug|Any CPU
		{21BE44BC-C8F9-40F0-AE40-2A99747367E6}.Debug|x64.ActiveCfg = Debug|Any CPU
		{21BE44BC-C8F9-40F0-AE40-2A99747367E6}.Debug|x64.Build.0 = Debug|Any CPU
		{21BE44BC-C8F9-40F0-AE40-2A99747367E6}.Debug|x86.ActiveCfg = Debug|Any CPU
		{21BE44BC-C8F9-40F0-AE40-2A99747367E6}.Debug|x86.Build.0 = Debug|Any CPU
		{21BE44BC-C8F9-40F0-AE40-2A99747367E6}.Release|Any CPU.ActiveCfg = Release|Any CPU
		{21BE44BC-C8F9-40F0-AE40-2A99747367E6}.Release|Any CPU.Build.0 = Release|Any CPU
		{21BE44BC-C8F9-40F0-AE40-2A99747367E6}.Release|x64.ActiveCfg = Release|Any CPU
		{21BE44BC-C8F9-40F0-AE40-2A99747367E6}.Release|x64.Build.0 = Release|Any CPU
		{21BE44BC-C8F9-40F0-AE40-2A99747367E6}.Release|x86.ActiveCfg = Release|Any CPU
		{21BE44BC-C8F9-40F0-AE40-2A99747367E6}.Release|x86.Build.0 = Release|Any CPU
		{97FF723A-6603-4F14-AAC8-DF590A154CAB}.Debug|Any CPU.ActiveCfg = Debug|Any CPU
		{97FF723A-6603-4F14-AAC8-DF590A154CAB}.Debug|Any CPU.Build.0 = Debug|Any CPU
		{97FF723A-6603-4F14-AAC8-DF590A154CAB}.Debug|x64.ActiveCfg = Debug|Any CPU
		{97FF723A-6603-4F14-AAC8-DF590A154CAB}.Debug|x64.Build.0 = Debug|Any CPU
		{97FF723A-6603-4F14-AAC8-DF590A154CAB}.Debug|x86.ActiveCfg = Debug|Any CPU
		{97FF723A-6603-4F14-AAC8-DF590A154CAB}.Debug|x86.Build.0 = Debug|Any CPU
		{97FF723A-6603-4F14-AAC8-DF590A154CAB}.Release|Any CPU.ActiveCfg = Release|Any CPU
		{97FF723A-6603-4F14-AAC8-DF590A154CAB}.Release|Any CPU.Build.0 = Release|Any CPU
		{97FF723A-6603-4F14-AAC8-DF590A154CAB}.Release|x64.ActiveCfg = Release|Any CPU
		{97FF723A-6603-4F14-AAC8-DF590A154CAB}.Release|x64.Build.0 = Release|Any CPU
		{97FF723A-6603-4F14-AAC8-DF590A154CAB}.Release|x86.ActiveCfg = Release|Any CPU
		{97FF723A-6603-4F14-AAC8-DF590A154CAB}.Release|x86.Build.0 = Release|Any CPU
		{99F6E7B3-BD79-4D7F-A2B7-B82551DD8369}.Debug|Any CPU.ActiveCfg = Debug|Any CPU
		{99F6E7B3-BD79-4D7F-A2B7-B82551DD8369}.Debug|Any CPU.Build.0 = Debug|Any CPU
		{99F6E7B3-BD79-4D7F-A2B7-B82551DD8369}.Debug|x64.ActiveCfg = Debug|Any CPU
		{99F6E7B3-BD79-4D7F-A2B7-B82551DD8369}.Debug|x64.Build.0 = Debug|Any CPU
		{99F6E7B3-BD79-4D7F-A2B7-B82551DD8369}.Debug|x86.ActiveCfg = Debug|Any CPU
		{99F6E7B3-BD79-4D7F-A2B7-B82551DD8369}.Debug|x86.Build.0 = Debug|Any CPU
		{99F6E7B3-BD79-4D7F-A2B7-B82551DD8369}.Release|Any CPU.ActiveCfg = Release|Any CPU
		{99F6E7B3-BD79-4D7F-A2B7-B82551DD8369}.Release|Any CPU.Build.0 = Release|Any CPU
		{99F6E7B3-BD79-4D7F-A2B7-B82551DD8369}.Release|x64.ActiveCfg = Release|Any CPU
		{99F6E7B3-BD79-4D7F-A2B7-B82551DD8369}.Release|x64.Build.0 = Release|Any CPU
		{99F6E7B3-BD79-4D7F-A2B7-B82551DD8369}.Release|x86.ActiveCfg = Release|Any CPU
		{99F6E7B3-BD79-4D7F-A2B7-B82551DD8369}.Release|x86.Build.0 = Release|Any CPU
		{23C30720-E00F-4058-9ACF-C4615A212DCF}.Debug|Any CPU.ActiveCfg = Debug|Any CPU
		{23C30720-E00F-4058-9ACF-C4615A212DCF}.Debug|Any CPU.Build.0 = Debug|Any CPU
		{23C30720-E00F-4058-9ACF-C4615A212DCF}.Debug|x64.ActiveCfg = Debug|Any CPU
		{23C30720-E00F-4058-9ACF-C4615A212DCF}.Debug|x64.Build.0 = Debug|Any CPU
		{23C30720-E00F-4058-9ACF-C4615A212DCF}.Debug|x86.ActiveCfg = Debug|Any CPU
		{23C30720-E00F-4058-9ACF-C4615A212DCF}.Debug|x86.Build.0 = Debug|Any CPU
		{23C30720-E00F-4058-9ACF-C4615A212DCF}.Release|Any CPU.ActiveCfg = Release|Any CPU
		{23C30720-E00F-4058-9ACF-C4615A212DCF}.Release|Any CPU.Build.0 = Release|Any CPU
		{23C30720-E00F-4058-9ACF-C4615A212DCF}.Release|x64.ActiveCfg = Release|Any CPU
		{23C30720-E00F-4058-9ACF-C4615A212DCF}.Release|x64.Build.0 = Release|Any CPU
		{23C30720-E00F-4058-9ACF-C4615A212DCF}.Release|x86.ActiveCfg = Release|Any CPU
		{23C30720-E00F-4058-9ACF-C4615A212DCF}.Release|x86.Build.0 = Release|Any CPU
		{359F8381-B305-43F6-9546-86F9730EFFE3}.Debug|Any CPU.ActiveCfg = Debug|Any CPU
		{359F8381-B305-43F6-9546-86F9730EFFE3}.Debug|Any CPU.Build.0 = Debug|Any CPU
		{359F8381-B305-43F6-9546-86F9730EFFE3}.Debug|x64.ActiveCfg = Debug|Any CPU
		{359F8381-B305-43F6-9546-86F9730EFFE3}.Debug|x64.Build.0 = Debug|Any CPU
		{359F8381-B305-43F6-9546-86F9730EFFE3}.Debug|x86.ActiveCfg = Debug|Any CPU
		{359F8381-B305-43F6-9546-86F9730EFFE3}.Debug|x86.Build.0 = Debug|Any CPU
		{359F8381-B305-43F6-9546-86F9730EFFE3}.Release|Any CPU.ActiveCfg = Release|Any CPU
		{359F8381-B305-43F6-9546-86F9730EFFE3}.Release|Any CPU.Build.0 = Release|Any CPU
		{359F8381-B305-43F6-9546-86F9730EFFE3}.Release|x64.ActiveCfg = Release|Any CPU
		{359F8381-B305-43F6-9546-86F9730EFFE3}.Release|x64.Build.0 = Release|Any CPU
		{359F8381-B305-43F6-9546-86F9730EFFE3}.Release|x86.ActiveCfg = Release|Any CPU
		{359F8381-B305-43F6-9546-86F9730EFFE3}.Release|x86.Build.0 = Release|Any CPU
		{BC539444-C54B-422E-B060-0089B652D8EF}.Debug|Any CPU.ActiveCfg = Debug|Any CPU
		{BC539444-C54B-422E-B060-0089B652D8EF}.Debug|Any CPU.Build.0 = Debug|Any CPU
		{BC539444-C54B-422E-B060-0089B652D8EF}.Debug|x64.ActiveCfg = Debug|Any CPU
		{BC539444-C54B-422E-B060-0089B652D8EF}.Debug|x64.Build.0 = Debug|Any CPU
		{BC539444-C54B-422E-B060-0089B652D8EF}.Debug|x86.ActiveCfg = Debug|Any CPU
		{BC539444-C54B-422E-B060-0089B652D8EF}.Debug|x86.Build.0 = Debug|Any CPU
		{BC539444-C54B-422E-B060-0089B652D8EF}.Release|Any CPU.ActiveCfg = Release|Any CPU
		{BC539444-C54B-422E-B060-0089B652D8EF}.Release|Any CPU.Build.0 = Release|Any CPU
		{BC539444-C54B-422E-B060-0089B652D8EF}.Release|x64.ActiveCfg = Release|Any CPU
		{BC539444-C54B-422E-B060-0089B652D8EF}.Release|x64.Build.0 = Release|Any CPU
		{BC539444-C54B-422E-B060-0089B652D8EF}.Release|x86.ActiveCfg = Release|Any CPU
		{BC539444-C54B-422E-B060-0089B652D8EF}.Release|x86.Build.0 = Release|Any CPU
		{EF9FD5B0-2B94-4EC3-ABDB-790B0D6F78C9}.Debug|Any CPU.ActiveCfg = Debug|Any CPU
		{EF9FD5B0-2B94-4EC3-ABDB-790B0D6F78C9}.Debug|Any CPU.Build.0 = Debug|Any CPU
		{EF9FD5B0-2B94-4EC3-ABDB-790B0D6F78C9}.Debug|x64.ActiveCfg = Debug|Any CPU
		{EF9FD5B0-2B94-4EC3-ABDB-790B0D6F78C9}.Debug|x64.Build.0 = Debug|Any CPU
		{EF9FD5B0-2B94-4EC3-ABDB-790B0D6F78C9}.Debug|x86.ActiveCfg = Debug|Any CPU
		{EF9FD5B0-2B94-4EC3-ABDB-790B0D6F78C9}.Debug|x86.Build.0 = Debug|Any CPU
		{EF9FD5B0-2B94-4EC3-ABDB-790B0D6F78C9}.Release|Any CPU.ActiveCfg = Release|Any CPU
		{EF9FD5B0-2B94-4EC3-ABDB-790B0D6F78C9}.Release|Any CPU.Build.0 = Release|Any CPU
		{EF9FD5B0-2B94-4EC3-ABDB-790B0D6F78C9}.Release|x64.ActiveCfg = Release|Any CPU
		{EF9FD5B0-2B94-4EC3-ABDB-790B0D6F78C9}.Release|x64.Build.0 = Release|Any CPU
		{EF9FD5B0-2B94-4EC3-ABDB-790B0D6F78C9}.Release|x86.ActiveCfg = Release|Any CPU
		{EF9FD5B0-2B94-4EC3-ABDB-790B0D6F78C9}.Release|x86.Build.0 = Release|Any CPU
		{F796A5C5-E84D-48CC-829F-5AEF4E5AF02B}.Debug|Any CPU.ActiveCfg = Debug|Any CPU
		{F796A5C5-E84D-48CC-829F-5AEF4E5AF02B}.Debug|Any CPU.Build.0 = Debug|Any CPU
		{F796A5C5-E84D-48CC-829F-5AEF4E5AF02B}.Debug|x64.ActiveCfg = Debug|Any CPU
		{F796A5C5-E84D-48CC-829F-5AEF4E5AF02B}.Debug|x64.Build.0 = Debug|Any CPU
		{F796A5C5-E84D-48CC-829F-5AEF4E5AF02B}.Debug|x86.ActiveCfg = Debug|Any CPU
		{F796A5C5-E84D-48CC-829F-5AEF4E5AF02B}.Debug|x86.Build.0 = Debug|Any CPU
		{F796A5C5-E84D-48CC-829F-5AEF4E5AF02B}.Release|Any CPU.ActiveCfg = Release|Any CPU
		{F796A5C5-E84D-48CC-829F-5AEF4E5AF02B}.Release|Any CPU.Build.0 = Release|Any CPU
		{F796A5C5-E84D-48CC-829F-5AEF4E5AF02B}.Release|x64.ActiveCfg = Release|Any CPU
		{F796A5C5-E84D-48CC-829F-5AEF4E5AF02B}.Release|x64.Build.0 = Release|Any CPU
		{F796A5C5-E84D-48CC-829F-5AEF4E5AF02B}.Release|x86.ActiveCfg = Release|Any CPU
		{F796A5C5-E84D-48CC-829F-5AEF4E5AF02B}.Release|x86.Build.0 = Release|Any CPU
		{FB8134A9-453C-47BA-917A-6C3FBC92A612}.Debug|Any CPU.ActiveCfg = Debug|Any CPU
		{FB8134A9-453C-47BA-917A-6C3FBC92A612}.Debug|Any CPU.Build.0 = Debug|Any CPU
		{FB8134A9-453C-47BA-917A-6C3FBC92A612}.Debug|x64.ActiveCfg = Debug|Any CPU
		{FB8134A9-453C-47BA-917A-6C3FBC92A612}.Debug|x64.Build.0 = Debug|Any CPU
		{FB8134A9-453C-47BA-917A-6C3FBC92A612}.Debug|x86.ActiveCfg = Debug|Any CPU
		{FB8134A9-453C-47BA-917A-6C3FBC92A612}.Debug|x86.Build.0 = Debug|Any CPU
		{FB8134A9-453C-47BA-917A-6C3FBC92A612}.Release|Any CPU.ActiveCfg = Release|Any CPU
		{FB8134A9-453C-47BA-917A-6C3FBC92A612}.Release|Any CPU.Build.0 = Release|Any CPU
		{FB8134A9-453C-47BA-917A-6C3FBC92A612}.Release|x64.ActiveCfg = Release|Any CPU
		{FB8134A9-453C-47BA-917A-6C3FBC92A612}.Release|x64.Build.0 = Release|Any CPU
		{FB8134A9-453C-47BA-917A-6C3FBC92A612}.Release|x86.ActiveCfg = Release|Any CPU
		{FB8134A9-453C-47BA-917A-6C3FBC92A612}.Release|x86.Build.0 = Release|Any CPU
		{7F01C3C1-3B3A-406C-90BC-1DD3F9D58DCA}.Debug|Any CPU.ActiveCfg = Debug|Any CPU
		{7F01C3C1-3B3A-406C-90BC-1DD3F9D58DCA}.Debug|Any CPU.Build.0 = Debug|Any CPU
		{7F01C3C1-3B3A-406C-90BC-1DD3F9D58DCA}.Debug|x64.ActiveCfg = Debug|Any CPU
		{7F01C3C1-3B3A-406C-90BC-1DD3F9D58DCA}.Debug|x64.Build.0 = Debug|Any CPU
		{7F01C3C1-3B3A-406C-90BC-1DD3F9D58DCA}.Debug|x86.ActiveCfg = Debug|Any CPU
		{7F01C3C1-3B3A-406C-90BC-1DD3F9D58DCA}.Debug|x86.Build.0 = Debug|Any CPU
		{7F01C3C1-3B3A-406C-90BC-1DD3F9D58DCA}.Release|Any CPU.ActiveCfg = Release|Any CPU
		{7F01C3C1-3B3A-406C-90BC-1DD3F9D58DCA}.Release|Any CPU.Build.0 = Release|Any CPU
		{7F01C3C1-3B3A-406C-90BC-1DD3F9D58DCA}.Release|x64.ActiveCfg = Release|Any CPU
		{7F01C3C1-3B3A-406C-90BC-1DD3F9D58DCA}.Release|x64.Build.0 = Release|Any CPU
		{7F01C3C1-3B3A-406C-90BC-1DD3F9D58DCA}.Release|x86.ActiveCfg = Release|Any CPU
		{7F01C3C1-3B3A-406C-90BC-1DD3F9D58DCA}.Release|x86.Build.0 = Release|Any CPU
		{2A4FC56D-DBCD-47D3-BA4A-FA864E0A3595}.Debug|Any CPU.ActiveCfg = Debug|Any CPU
		{2A4FC56D-DBCD-47D3-BA4A-FA864E0A3595}.Debug|Any CPU.Build.0 = Debug|Any CPU
		{2A4FC56D-DBCD-47D3-BA4A-FA864E0A3595}.Debug|x64.ActiveCfg = Debug|Any CPU
		{2A4FC56D-DBCD-47D3-BA4A-FA864E0A3595}.Debug|x64.Build.0 = Debug|Any CPU
		{2A4FC56D-DBCD-47D3-BA4A-FA864E0A3595}.Debug|x86.ActiveCfg = Debug|Any CPU
		{2A4FC56D-DBCD-47D3-BA4A-FA864E0A3595}.Debug|x86.Build.0 = Debug|Any CPU
		{2A4FC56D-DBCD-47D3-BA4A-FA864E0A3595}.Release|Any CPU.ActiveCfg = Release|Any CPU
		{2A4FC56D-DBCD-47D3-BA4A-FA864E0A3595}.Release|Any CPU.Build.0 = Release|Any CPU
		{2A4FC56D-DBCD-47D3-BA4A-FA864E0A3595}.Release|x64.ActiveCfg = Release|Any CPU
		{2A4FC56D-DBCD-47D3-BA4A-FA864E0A3595}.Release|x64.Build.0 = Release|Any CPU
		{2A4FC56D-DBCD-47D3-BA4A-FA864E0A3595}.Release|x86.ActiveCfg = Release|Any CPU
		{2A4FC56D-DBCD-47D3-BA4A-FA864E0A3595}.Release|x86.Build.0 = Release|Any CPU
		{9BA3E832-0DEE-4CD8-BB7F-9168AC56B5A9}.Debug|Any CPU.ActiveCfg = Debug|Any CPU
		{9BA3E832-0DEE-4CD8-BB7F-9168AC56B5A9}.Debug|Any CPU.Build.0 = Debug|Any CPU
		{9BA3E832-0DEE-4CD8-BB7F-9168AC56B5A9}.Debug|x64.ActiveCfg = Debug|Any CPU
		{9BA3E832-0DEE-4CD8-BB7F-9168AC56B5A9}.Debug|x64.Build.0 = Debug|Any CPU
		{9BA3E832-0DEE-4CD8-BB7F-9168AC56B5A9}.Debug|x86.ActiveCfg = Debug|Any CPU
		{9BA3E832-0DEE-4CD8-BB7F-9168AC56B5A9}.Debug|x86.Build.0 = Debug|Any CPU
		{9BA3E832-0DEE-4CD8-BB7F-9168AC56B5A9}.Release|Any CPU.ActiveCfg = Release|Any CPU
		{9BA3E832-0DEE-4CD8-BB7F-9168AC56B5A9}.Release|Any CPU.Build.0 = Release|Any CPU
		{9BA3E832-0DEE-4CD8-BB7F-9168AC56B5A9}.Release|x64.ActiveCfg = Release|Any CPU
		{9BA3E832-0DEE-4CD8-BB7F-9168AC56B5A9}.Release|x64.Build.0 = Release|Any CPU
		{9BA3E832-0DEE-4CD8-BB7F-9168AC56B5A9}.Release|x86.ActiveCfg = Release|Any CPU
		{9BA3E832-0DEE-4CD8-BB7F-9168AC56B5A9}.Release|x86.Build.0 = Release|Any CPU
		{E598B668-22CE-467E-893C-07F98E00EC60}.Debug|Any CPU.ActiveCfg = Debug|Any CPU
		{E598B668-22CE-467E-893C-07F98E00EC60}.Debug|Any CPU.Build.0 = Debug|Any CPU
		{E598B668-22CE-467E-893C-07F98E00EC60}.Debug|x64.ActiveCfg = Debug|Any CPU
		{E598B668-22CE-467E-893C-07F98E00EC60}.Debug|x64.Build.0 = Debug|Any CPU
		{E598B668-22CE-467E-893C-07F98E00EC60}.Debug|x86.ActiveCfg = Debug|Any CPU
		{E598B668-22CE-467E-893C-07F98E00EC60}.Debug|x86.Build.0 = Debug|Any CPU
		{E598B668-22CE-467E-893C-07F98E00EC60}.Release|Any CPU.ActiveCfg = Release|Any CPU
		{E598B668-22CE-467E-893C-07F98E00EC60}.Release|Any CPU.Build.0 = Release|Any CPU
		{E598B668-22CE-467E-893C-07F98E00EC60}.Release|x64.ActiveCfg = Release|Any CPU
		{E598B668-22CE-467E-893C-07F98E00EC60}.Release|x64.Build.0 = Release|Any CPU
		{E598B668-22CE-467E-893C-07F98E00EC60}.Release|x86.ActiveCfg = Release|Any CPU
		{E598B668-22CE-467E-893C-07F98E00EC60}.Release|x86.Build.0 = Release|Any CPU
		{693F0261-F031-44E2-957F-BECEAB088378}.Debug|Any CPU.ActiveCfg = Debug|Any CPU
		{693F0261-F031-44E2-957F-BECEAB088378}.Debug|Any CPU.Build.0 = Debug|Any CPU
		{693F0261-F031-44E2-957F-BECEAB088378}.Debug|x64.ActiveCfg = Debug|Any CPU
		{693F0261-F031-44E2-957F-BECEAB088378}.Debug|x64.Build.0 = Debug|Any CPU
		{693F0261-F031-44E2-957F-BECEAB088378}.Debug|x86.ActiveCfg = Debug|Any CPU
		{693F0261-F031-44E2-957F-BECEAB088378}.Debug|x86.Build.0 = Debug|Any CPU
		{693F0261-F031-44E2-957F-BECEAB088378}.Release|Any CPU.ActiveCfg = Release|Any CPU
		{693F0261-F031-44E2-957F-BECEAB088378}.Release|Any CPU.Build.0 = Release|Any CPU
		{693F0261-F031-44E2-957F-BECEAB088378}.Release|x64.ActiveCfg = Release|Any CPU
		{693F0261-F031-44E2-957F-BECEAB088378}.Release|x64.Build.0 = Release|Any CPU
		{693F0261-F031-44E2-957F-BECEAB088378}.Release|x86.ActiveCfg = Release|Any CPU
		{693F0261-F031-44E2-957F-BECEAB088378}.Release|x86.Build.0 = Release|Any CPU
		{52317D8A-5092-4C2F-927A-36A67C91585C}.Debug|Any CPU.ActiveCfg = Debug|Any CPU
		{52317D8A-5092-4C2F-927A-36A67C91585C}.Debug|Any CPU.Build.0 = Debug|Any CPU
		{52317D8A-5092-4C2F-927A-36A67C91585C}.Debug|x64.ActiveCfg = Debug|Any CPU
		{52317D8A-5092-4C2F-927A-36A67C91585C}.Debug|x64.Build.0 = Debug|Any CPU
		{52317D8A-5092-4C2F-927A-36A67C91585C}.Debug|x86.ActiveCfg = Debug|Any CPU
		{52317D8A-5092-4C2F-927A-36A67C91585C}.Debug|x86.Build.0 = Debug|Any CPU
		{52317D8A-5092-4C2F-927A-36A67C91585C}.Release|Any CPU.ActiveCfg = Release|Any CPU
		{52317D8A-5092-4C2F-927A-36A67C91585C}.Release|Any CPU.Build.0 = Release|Any CPU
		{52317D8A-5092-4C2F-927A-36A67C91585C}.Release|x64.ActiveCfg = Release|Any CPU
		{52317D8A-5092-4C2F-927A-36A67C91585C}.Release|x64.Build.0 = Release|Any CPU
		{52317D8A-5092-4C2F-927A-36A67C91585C}.Release|x86.ActiveCfg = Release|Any CPU
		{52317D8A-5092-4C2F-927A-36A67C91585C}.Release|x86.Build.0 = Release|Any CPU
		{5AF7C539-F5C9-4A6C-B0E9-98E53E8E8B10}.Debug|Any CPU.ActiveCfg = Debug|Any CPU
		{5AF7C539-F5C9-4A6C-B0E9-98E53E8E8B10}.Debug|Any CPU.Build.0 = Debug|Any CPU
		{5AF7C539-F5C9-4A6C-B0E9-98E53E8E8B10}.Debug|x64.ActiveCfg = Debug|Any CPU
		{5AF7C539-F5C9-4A6C-B0E9-98E53E8E8B10}.Debug|x64.Build.0 = Debug|Any CPU
		{5AF7C539-F5C9-4A6C-B0E9-98E53E8E8B10}.Debug|x86.ActiveCfg = Debug|Any CPU
		{5AF7C539-F5C9-4A6C-B0E9-98E53E8E8B10}.Debug|x86.Build.0 = Debug|Any CPU
		{5AF7C539-F5C9-4A6C-B0E9-98E53E8E8B10}.Release|Any CPU.ActiveCfg = Release|Any CPU
		{5AF7C539-F5C9-4A6C-B0E9-98E53E8E8B10}.Release|Any CPU.Build.0 = Release|Any CPU
		{5AF7C539-F5C9-4A6C-B0E9-98E53E8E8B10}.Release|x64.ActiveCfg = Release|Any CPU
		{5AF7C539-F5C9-4A6C-B0E9-98E53E8E8B10}.Release|x64.Build.0 = Release|Any CPU
		{5AF7C539-F5C9-4A6C-B0E9-98E53E8E8B10}.Release|x86.ActiveCfg = Release|Any CPU
		{5AF7C539-F5C9-4A6C-B0E9-98E53E8E8B10}.Release|x86.Build.0 = Release|Any CPU
		{AD5D394E-308C-4A9F-AF3F-36E1313D2D63}.Debug|Any CPU.ActiveCfg = Debug|Any CPU
		{AD5D394E-308C-4A9F-AF3F-36E1313D2D63}.Debug|Any CPU.Build.0 = Debug|Any CPU
		{AD5D394E-308C-4A9F-AF3F-36E1313D2D63}.Debug|x64.ActiveCfg = Debug|Any CPU
		{AD5D394E-308C-4A9F-AF3F-36E1313D2D63}.Debug|x64.Build.0 = Debug|Any CPU
		{AD5D394E-308C-4A9F-AF3F-36E1313D2D63}.Debug|x86.ActiveCfg = Debug|Any CPU
		{AD5D394E-308C-4A9F-AF3F-36E1313D2D63}.Debug|x86.Build.0 = Debug|Any CPU
		{AD5D394E-308C-4A9F-AF3F-36E1313D2D63}.Release|Any CPU.ActiveCfg = Release|Any CPU
		{AD5D394E-308C-4A9F-AF3F-36E1313D2D63}.Release|Any CPU.Build.0 = Release|Any CPU
		{AD5D394E-308C-4A9F-AF3F-36E1313D2D63}.Release|x64.ActiveCfg = Release|Any CPU
		{AD5D394E-308C-4A9F-AF3F-36E1313D2D63}.Release|x64.Build.0 = Release|Any CPU
		{AD5D394E-308C-4A9F-AF3F-36E1313D2D63}.Release|x86.ActiveCfg = Release|Any CPU
		{AD5D394E-308C-4A9F-AF3F-36E1313D2D63}.Release|x86.Build.0 = Release|Any CPU
		{4693D2C8-B75A-429B-9A8E-0D6A616E57F9}.Debug|Any CPU.ActiveCfg = Debug|Any CPU
		{4693D2C8-B75A-429B-9A8E-0D6A616E57F9}.Debug|Any CPU.Build.0 = Debug|Any CPU
		{4693D2C8-B75A-429B-9A8E-0D6A616E57F9}.Debug|x64.ActiveCfg = Debug|Any CPU
		{4693D2C8-B75A-429B-9A8E-0D6A616E57F9}.Debug|x64.Build.0 = Debug|Any CPU
		{4693D2C8-B75A-429B-9A8E-0D6A616E57F9}.Debug|x86.ActiveCfg = Debug|Any CPU
		{4693D2C8-B75A-429B-9A8E-0D6A616E57F9}.Debug|x86.Build.0 = Debug|Any CPU
		{4693D2C8-B75A-429B-9A8E-0D6A616E57F9}.Release|Any CPU.ActiveCfg = Release|Any CPU
		{4693D2C8-B75A-429B-9A8E-0D6A616E57F9}.Release|Any CPU.Build.0 = Release|Any CPU
		{4693D2C8-B75A-429B-9A8E-0D6A616E57F9}.Release|x64.ActiveCfg = Release|Any CPU
		{4693D2C8-B75A-429B-9A8E-0D6A616E57F9}.Release|x64.Build.0 = Release|Any CPU
		{4693D2C8-B75A-429B-9A8E-0D6A616E57F9}.Release|x86.ActiveCfg = Release|Any CPU
		{4693D2C8-B75A-429B-9A8E-0D6A616E57F9}.Release|x86.Build.0 = Release|Any CPU
		{98B262AF-6F61-4615-BF50-89EA32BA58A3}.Debug|Any CPU.ActiveCfg = Debug|Any CPU
		{98B262AF-6F61-4615-BF50-89EA32BA58A3}.Debug|Any CPU.Build.0 = Debug|Any CPU
		{98B262AF-6F61-4615-BF50-89EA32BA58A3}.Debug|x64.ActiveCfg = Debug|Any CPU
		{98B262AF-6F61-4615-BF50-89EA32BA58A3}.Debug|x64.Build.0 = Debug|Any CPU
		{98B262AF-6F61-4615-BF50-89EA32BA58A3}.Debug|x86.ActiveCfg = Debug|Any CPU
		{98B262AF-6F61-4615-BF50-89EA32BA58A3}.Debug|x86.Build.0 = Debug|Any CPU
		{98B262AF-6F61-4615-BF50-89EA32BA58A3}.Release|Any CPU.ActiveCfg = Release|Any CPU
		{98B262AF-6F61-4615-BF50-89EA32BA58A3}.Release|Any CPU.Build.0 = Release|Any CPU
		{98B262AF-6F61-4615-BF50-89EA32BA58A3}.Release|x64.ActiveCfg = Release|Any CPU
		{98B262AF-6F61-4615-BF50-89EA32BA58A3}.Release|x64.Build.0 = Release|Any CPU
		{98B262AF-6F61-4615-BF50-89EA32BA58A3}.Release|x86.ActiveCfg = Release|Any CPU
		{98B262AF-6F61-4615-BF50-89EA32BA58A3}.Release|x86.Build.0 = Release|Any CPU
		{889CB0B8-5BB9-4371-8F39-12286645D09A}.Debug|Any CPU.ActiveCfg = Debug|Any CPU
		{889CB0B8-5BB9-4371-8F39-12286645D09A}.Debug|Any CPU.Build.0 = Debug|Any CPU
		{889CB0B8-5BB9-4371-8F39-12286645D09A}.Debug|x64.ActiveCfg = Debug|Any CPU
		{889CB0B8-5BB9-4371-8F39-12286645D09A}.Debug|x64.Build.0 = Debug|Any CPU
		{889CB0B8-5BB9-4371-8F39-12286645D09A}.Debug|x86.ActiveCfg = Debug|Any CPU
		{889CB0B8-5BB9-4371-8F39-12286645D09A}.Debug|x86.Build.0 = Debug|Any CPU
		{889CB0B8-5BB9-4371-8F39-12286645D09A}.Release|Any CPU.ActiveCfg = Release|Any CPU
		{889CB0B8-5BB9-4371-8F39-12286645D09A}.Release|Any CPU.Build.0 = Release|Any CPU
		{889CB0B8-5BB9-4371-8F39-12286645D09A}.Release|x64.ActiveCfg = Release|Any CPU
		{889CB0B8-5BB9-4371-8F39-12286645D09A}.Release|x64.Build.0 = Release|Any CPU
		{889CB0B8-5BB9-4371-8F39-12286645D09A}.Release|x86.ActiveCfg = Release|Any CPU
		{889CB0B8-5BB9-4371-8F39-12286645D09A}.Release|x86.Build.0 = Release|Any CPU
		{D6C5F0C1-4BE5-49B4-819E-DD67E55C159E}.Debug|Any CPU.ActiveCfg = Debug|Any CPU
		{D6C5F0C1-4BE5-49B4-819E-DD67E55C159E}.Debug|Any CPU.Build.0 = Debug|Any CPU
		{D6C5F0C1-4BE5-49B4-819E-DD67E55C159E}.Debug|x64.ActiveCfg = Debug|Any CPU
		{D6C5F0C1-4BE5-49B4-819E-DD67E55C159E}.Debug|x64.Build.0 = Debug|Any CPU
		{D6C5F0C1-4BE5-49B4-819E-DD67E55C159E}.Debug|x86.ActiveCfg = Debug|Any CPU
		{D6C5F0C1-4BE5-49B4-819E-DD67E55C159E}.Debug|x86.Build.0 = Debug|Any CPU
		{D6C5F0C1-4BE5-49B4-819E-DD67E55C159E}.Release|Any CPU.ActiveCfg = Release|Any CPU
		{D6C5F0C1-4BE5-49B4-819E-DD67E55C159E}.Release|Any CPU.Build.0 = Release|Any CPU
		{D6C5F0C1-4BE5-49B4-819E-DD67E55C159E}.Release|x64.ActiveCfg = Release|Any CPU
		{D6C5F0C1-4BE5-49B4-819E-DD67E55C159E}.Release|x64.Build.0 = Release|Any CPU
		{D6C5F0C1-4BE5-49B4-819E-DD67E55C159E}.Release|x86.ActiveCfg = Release|Any CPU
		{D6C5F0C1-4BE5-49B4-819E-DD67E55C159E}.Release|x86.Build.0 = Release|Any CPU
		{A2964293-EA85-4C5A-B3EB-2E78B8B3B732}.Debug|Any CPU.ActiveCfg = Debug|Any CPU
		{A2964293-EA85-4C5A-B3EB-2E78B8B3B732}.Debug|Any CPU.Build.0 = Debug|Any CPU
		{A2964293-EA85-4C5A-B3EB-2E78B8B3B732}.Debug|x64.ActiveCfg = Debug|Any CPU
		{A2964293-EA85-4C5A-B3EB-2E78B8B3B732}.Debug|x64.Build.0 = Debug|Any CPU
		{A2964293-EA85-4C5A-B3EB-2E78B8B3B732}.Debug|x86.ActiveCfg = Debug|Any CPU
		{A2964293-EA85-4C5A-B3EB-2E78B8B3B732}.Debug|x86.Build.0 = Debug|Any CPU
		{A2964293-EA85-4C5A-B3EB-2E78B8B3B732}.Release|Any CPU.ActiveCfg = Release|Any CPU
		{A2964293-EA85-4C5A-B3EB-2E78B8B3B732}.Release|Any CPU.Build.0 = Release|Any CPU
		{A2964293-EA85-4C5A-B3EB-2E78B8B3B732}.Release|x64.ActiveCfg = Release|Any CPU
		{A2964293-EA85-4C5A-B3EB-2E78B8B3B732}.Release|x64.Build.0 = Release|Any CPU
		{A2964293-EA85-4C5A-B3EB-2E78B8B3B732}.Release|x86.ActiveCfg = Release|Any CPU
		{A2964293-EA85-4C5A-B3EB-2E78B8B3B732}.Release|x86.Build.0 = Release|Any CPU
	EndGlobalSection
	GlobalSection(SolutionProperties) = preSolution
		HideSolutionNode = FALSE
	EndGlobalSection
	GlobalSection(NestedProjects) = preSolution
		{9BA3E832-0DEE-4CD8-BB7F-9168AC56B5A9} = {DF4E8E41-91CA-4ECB-8BD6-6620FEE7CA85}
		{E598B668-22CE-467E-893C-07F98E00EC60} = {DF4E8E41-91CA-4ECB-8BD6-6620FEE7CA85}
		{693F0261-F031-44E2-957F-BECEAB088378} = {DF4E8E41-91CA-4ECB-8BD6-6620FEE7CA85}
		{52317D8A-5092-4C2F-927A-36A67C91585C} = {DF4E8E41-91CA-4ECB-8BD6-6620FEE7CA85}
		{5AF7C539-F5C9-4A6C-B0E9-98E53E8E8B10} = {DF4E8E41-91CA-4ECB-8BD6-6620FEE7CA85}
		{AD5D394E-308C-4A9F-AF3F-36E1313D2D63} = {DF4E8E41-91CA-4ECB-8BD6-6620FEE7CA85}
		{4693D2C8-B75A-429B-9A8E-0D6A616E57F9} = {DF4E8E41-91CA-4ECB-8BD6-6620FEE7CA85}
		{98B262AF-6F61-4615-BF50-89EA32BA58A3} = {DF4E8E41-91CA-4ECB-8BD6-6620FEE7CA85}
		{D6C5F0C1-4BE5-49B4-819E-DD67E55C159E} = {DF4E8E41-91CA-4ECB-8BD6-6620FEE7CA85}
		{2EB2EC2D-8597-4C1B-9B1F-2A1007F13A8A} = {8DE32EE3-68FF-4968-AFED-97C4627A6C22}
		{A2964293-EA85-4C5A-B3EB-2E78B8B3B732} = {DF4E8E41-91CA-4ECB-8BD6-6620FEE7CA85}
	EndGlobalSection
	GlobalSection(ExtensibilityGlobals) = postSolution
		SolutionGuid = {C2E2C6EB-242E-4378-9D57-8173E5AF2551}
	EndGlobalSection
EndGlobal
